// !$*UTF8*$!
{
	archiveVersion = 1;
	classes = {
	};
	objectVersion = 55;
	objects = {

/* Begin PBXBuildFile section */
		6301903E27A94742005C82FB /* AppDelegate.swift in Sources */ = {isa = PBXBuildFile; fileRef = 6301903D27A94742005C82FB /* AppDelegate.swift */; };
		6301904227A94742005C82FB /* OnBoardingViewController.swift in Sources */ = {isa = PBXBuildFile; fileRef = 6301904127A94742005C82FB /* OnBoardingViewController.swift */; };
		6301904727A94744005C82FB /* Assets.xcassets in Resources */ = {isa = PBXBuildFile; fileRef = 6301904627A94744005C82FB /* Assets.xcassets */; };
		6301904A27A94744005C82FB /* LaunchScreen.storyboard in Resources */ = {isa = PBXBuildFile; fileRef = 6301904827A94744005C82FB /* LaunchScreen.storyboard */; };
		630A1A3D27B3B9390099742D /* MainCoordinator.swift in Sources */ = {isa = PBXBuildFile; fileRef = 630A1A3C27B3B9390099742D /* MainCoordinator.swift */; };
		630A1A3F27B3BAB50099742D /* AppCoordinator.swift in Sources */ = {isa = PBXBuildFile; fileRef = 630A1A3E27B3BAB50099742D /* AppCoordinator.swift */; };
		630A1A4127B3BAFF0099742D /* CoordinatorSetup.swift in Sources */ = {isa = PBXBuildFile; fileRef = 630A1A4027B3BAFF0099742D /* CoordinatorSetup.swift */; };
		630A1A4327B3BEBC0099742D /* ViewModelFactory.swift in Sources */ = {isa = PBXBuildFile; fileRef = 630A1A4227B3BEBC0099742D /* ViewModelFactory.swift */; };
		630A1A4527B3BF970099742D /* OnBoardingCoordinator.swift in Sources */ = {isa = PBXBuildFile; fileRef = 630A1A4427B3BF970099742D /* OnBoardingCoordinator.swift */; };
		633726BF27B62CC800F7CF80 /* RealmSwift in Frameworks */ = {isa = PBXBuildFile; productRef = 633726BE27B62CC800F7CF80 /* RealmSwift */; };
		633726C227B62DCB00F7CF80 /* RealmDBGP.swift in Sources */ = {isa = PBXBuildFile; fileRef = 633726C127B62DCB00F7CF80 /* RealmDBGP.swift */; };
		634DC5A927BB78310070C915 /* YaGeoCoding.swift in Sources */ = {isa = PBXBuildFile; fileRef = 634DC5A827BB78310070C915 /* YaGeoCoding.swift */; };
		634DC5AC27BB7AA30070C915 /* Alamofire in Frameworks */ = {isa = PBXBuildFile; productRef = 634DC5AB27BB7AA30070C915 /* Alamofire */; };
		634DC5AE27BB7B690070C915 /* YandexGeoCodingObjects.swift in Sources */ = {isa = PBXBuildFile; fileRef = 634DC5AD27BB7B690070C915 /* YandexGeoCodingObjects.swift */; };
		634DC5B027BB7BF80070C915 /* GeoPosExtractor.swift in Sources */ = {isa = PBXBuildFile; fileRef = 634DC5AF27BB7BF80070C915 /* GeoPosExtractor.swift */; };
		636AE81B27C2303200BC1F97 /* DaySummarySelectorView.swift in Sources */ = {isa = PBXBuildFile; fileRef = 636AE81A27C2303200BC1F97 /* DaySummarySelectorView.swift */; };
		636AE81D27C2309400BC1F97 /* DaySummarySelectorCell.swift in Sources */ = {isa = PBXBuildFile; fileRef = 636AE81C27C2309400BC1F97 /* DaySummarySelectorCell.swift */; };
		636AE81F27C2311900BC1F97 /* ForecastDetailsView.swift in Sources */ = {isa = PBXBuildFile; fileRef = 636AE81E27C2311900BC1F97 /* ForecastDetailsView.swift */; };
		636AE82127C2318300BC1F97 /* WeatherDetailRowView.swift in Sources */ = {isa = PBXBuildFile; fileRef = 636AE82027C2318300BC1F97 /* WeatherDetailRowView.swift */; };
		636AE82327C231C200BC1F97 /* SunAndMoonDetailsView.swift in Sources */ = {isa = PBXBuildFile; fileRef = 636AE82227C231C200BC1F97 /* SunAndMoonDetailsView.swift */; };
		636AE82527C2320500BC1F97 /* AirQualityDetailsView.swift in Sources */ = {isa = PBXBuildFile; fileRef = 636AE82427C2320500BC1F97 /* AirQualityDetailsView.swift */; };
		636AE82727C2325E00BC1F97 /* PaddingLabel.swift in Sources */ = {isa = PBXBuildFile; fileRef = 636AE82627C2325E00BC1F97 /* PaddingLabel.swift */; };
		636AE82927C23EAA00BC1F97 /* CurrentLocationProvider.swift in Sources */ = {isa = PBXBuildFile; fileRef = 636AE82827C23EAA00BC1F97 /* CurrentLocationProvider.swift */; };
		636AE82B27C23F8A00BC1F97 /* WAPI.swift in Sources */ = {isa = PBXBuildFile; fileRef = 636AE82A27C23F8A00BC1F97 /* WAPI.swift */; };
		636AE82E27C2400300BC1F97 /* SwiftyJSON in Frameworks */ = {isa = PBXBuildFile; productRef = 636AE82D27C2400300BC1F97 /* SwiftyJSON */; };
		636AE83027C240DA00BC1F97 /* WeatherDataProvider.swift in Sources */ = {isa = PBXBuildFile; fileRef = 636AE82F27C240DA00BC1F97 /* WeatherDataProvider.swift */; };
		636AE83227C2410E00BC1F97 /* WeatherDataMonthlyDB.swift in Sources */ = {isa = PBXBuildFile; fileRef = 636AE83127C2410E00BC1F97 /* WeatherDataMonthlyDB.swift */; };
		636AE83427C2412300BC1F97 /* WeatherDataHourlyDB.swift in Sources */ = {isa = PBXBuildFile; fileRef = 636AE83327C2412300BC1F97 /* WeatherDataHourlyDB.swift */; };
		636AE83627C2413800BC1F97 /* WeatherDataOneDayDB.swift in Sources */ = {isa = PBXBuildFile; fileRef = 636AE83527C2413800BC1F97 /* WeatherDataOneDayDB.swift */; };
		636D243E27B24CCB00D66DA7 /* CommonThingsAndHelpers.swift in Sources */ = {isa = PBXBuildFile; fileRef = 636D243D27B24CCB00D66DA7 /* CommonThingsAndHelpers.swift */; };
		636D244027B2511500D66DA7 /* DetailedDayView.swift in Sources */ = {isa = PBXBuildFile; fileRef = 636D243F27B2511500D66DA7 /* DetailedDayView.swift */; };
		636D244227B274A100D66DA7 /* perHourView.swift in Sources */ = {isa = PBXBuildFile; fileRef = 636D244127B274A100D66DA7 /* perHourView.swift */; };
		636D244427B2762000D66DA7 /* PerDayView.swift in Sources */ = {isa = PBXBuildFile; fileRef = 636D244327B2762000D66DA7 /* PerDayView.swift */; };
		636D244727B2775E00D66DA7 /* PerHourCell.swift in Sources */ = {isa = PBXBuildFile; fileRef = 636D244627B2775E00D66DA7 /* PerHourCell.swift */; };
		636D244927B27A9F00D66DA7 /* PerDayCell.swift in Sources */ = {isa = PBXBuildFile; fileRef = 636D244827B27A9F00D66DA7 /* PerDayCell.swift */; };
		6370C3E2280BCAAE00ABDF7D /* weatherAppTests.swift in Sources */ = {isa = PBXBuildFile; fileRef = 6370C3E1280BCAAE00ABDF7D /* weatherAppTests.swift */; };
		6370C3E9280BCBC200ABDF7D /* ViewModelFactoryMock.swift in Sources */ = {isa = PBXBuildFile; fileRef = 6370C3E8280BCBC200ABDF7D /* ViewModelFactoryMock.swift */; };
		6370C3EB280BD35400ABDF7D /* MockControllerCoordinatorEventProtocol.swift in Sources */ = {isa = PBXBuildFile; fileRef = 6370C3EA280BD35400ABDF7D /* MockControllerCoordinatorEventProtocol.swift */; };
		6370C3ED280BD38C00ABDF7D /* ControllerStatisticsProtocol.swift in Sources */ = {isa = PBXBuildFile; fileRef = 6370C3EC280BD38C00ABDF7D /* ControllerStatisticsProtocol.swift */; };
		6370C3EF280BD40300ABDF7D /* MockSettingsViewController.swift in Sources */ = {isa = PBXBuildFile; fileRef = 6370C3EE280BD40300ABDF7D /* MockSettingsViewController.swift */; };
		6370C3F1280BD46C00ABDF7D /* MockDaySummaryController.swift in Sources */ = {isa = PBXBuildFile; fileRef = 6370C3F0280BD46C00ABDF7D /* MockDaySummaryController.swift */; };
		6370C3F3280BD4AF00ABDF7D /* MockHourSummaryController.swift in Sources */ = {isa = PBXBuildFile; fileRef = 6370C3F2280BD4AF00ABDF7D /* MockHourSummaryController.swift */; };
		6370C3F5280BD4E500ABDF7D /* MockOnboardingViewController.swift in Sources */ = {isa = PBXBuildFile; fileRef = 6370C3F4280BD4E500ABDF7D /* MockOnboardingViewController.swift */; };
		6370C3F7280BD51800ABDF7D /* MockMainViewController.swift in Sources */ = {isa = PBXBuildFile; fileRef = 6370C3F6280BD51800ABDF7D /* MockMainViewController.swift */; };
		637EC97227A953750014F3EF /* onBoardingVIew.swift in Sources */ = {isa = PBXBuildFile; fileRef = 637EC97127A953750014F3EF /* onBoardingVIew.swift */; };
		638384F627AE47C7009062EE /* MainScreenView.swift in Sources */ = {isa = PBXBuildFile; fileRef = 638384F527AE47C7009062EE /* MainScreenView.swift */; };
		638384F827AE47E1009062EE /* MainViewController.swift in Sources */ = {isa = PBXBuildFile; fileRef = 638384F727AE47E1009062EE /* MainViewController.swift */; };
		638384FE27AE50BF009062EE /* NavigationView.swift in Sources */ = {isa = PBXBuildFile; fileRef = 638384FD27AE50BF009062EE /* NavigationView.swift */; };
		6383850027AE530F009062EE /* DailyHeaderView.swift in Sources */ = {isa = PBXBuildFile; fileRef = 638384FF27AE530F009062EE /* DailyHeaderView.swift */; };
		6383850227AE57F0009062EE /* DayDisplayView.swift in Sources */ = {isa = PBXBuildFile; fileRef = 6383850127AE57F0009062EE /* DayDisplayView.swift */; };
		638DF32B27C0B67700DF1DB1 /* SettingsViewController.swift in Sources */ = {isa = PBXBuildFile; fileRef = 638DF32A27C0B67700DF1DB1 /* SettingsViewController.swift */; };
		638DF32D27C0B6B700DF1DB1 /* SettingsView.swift in Sources */ = {isa = PBXBuildFile; fileRef = 638DF32C27C0B6B700DF1DB1 /* SettingsView.swift */; };
		638DF32F27C0B79F00DF1DB1 /* DaySummaryController.swift in Sources */ = {isa = PBXBuildFile; fileRef = 638DF32E27C0B79F00DF1DB1 /* DaySummaryController.swift */; };
		638DF33127C0B86100DF1DB1 /* DaySummaryView.swift in Sources */ = {isa = PBXBuildFile; fileRef = 638DF33027C0B86100DF1DB1 /* DaySummaryView.swift */; };
		638DF33427C0B92300DF1DB1 /* WeatherData.swift in Sources */ = {isa = PBXBuildFile; fileRef = 638DF33327C0B92300DF1DB1 /* WeatherData.swift */; };
		638DF33627C0C2B400DF1DB1 /* WeatherDataUI.swift in Sources */ = {isa = PBXBuildFile; fileRef = 638DF33527C0C2B400DF1DB1 /* WeatherDataUI.swift */; };
		638DF33827C0C2FB00DF1DB1 /* Formaters.swift in Sources */ = {isa = PBXBuildFile; fileRef = 638DF33727C0C2FB00DF1DB1 /* Formaters.swift */; };
		638DF33A27C0C3E200DF1DB1 /* HourSummaryViewController.swift in Sources */ = {isa = PBXBuildFile; fileRef = 638DF33927C0C3E200DF1DB1 /* HourSummaryViewController.swift */; };
		638DF33C27C0C41D00DF1DB1 /* HourSummaryView.swift in Sources */ = {isa = PBXBuildFile; fileRef = 638DF33B27C0C41D00DF1DB1 /* HourSummaryView.swift */; };
		638DF33E27C0C51A00DF1DB1 /* HourSummaryTableDetailsView.swift in Sources */ = {isa = PBXBuildFile; fileRef = 638DF33D27C0C51A00DF1DB1 /* HourSummaryTableDetailsView.swift */; };
		638DF34027C0C57300DF1DB1 /* HourDetailsTableCell.swift in Sources */ = {isa = PBXBuildFile; fileRef = 638DF33F27C0C57300DF1DB1 /* HourDetailsTableCell.swift */; };
		638DF34227C0C5AD00DF1DB1 /* HourGraphView.swift in Sources */ = {isa = PBXBuildFile; fileRef = 638DF34127C0C5AD00DF1DB1 /* HourGraphView.swift */; };
		638DF34427C0C6DC00DF1DB1 /* SettingsCoordinator.swift in Sources */ = {isa = PBXBuildFile; fileRef = 638DF34327C0C6DC00DF1DB1 /* SettingsCoordinator.swift */; };
		638DF34627C0C70B00DF1DB1 /* DaySummaryCoordinator.swift in Sources */ = {isa = PBXBuildFile; fileRef = 638DF34527C0C70B00DF1DB1 /* DaySummaryCoordinator.swift */; };
		638DF34827C0C72A00DF1DB1 /* HourSummaryCoordinator.swift in Sources */ = {isa = PBXBuildFile; fileRef = 638DF34727C0C72A00DF1DB1 /* HourSummaryCoordinator.swift */; };
		639AF40C2830D6B400F544AC /* Localizable.strings in Resources */ = {isa = PBXBuildFile; fileRef = 639AF40E2830D6B400F544AC /* Localizable.strings */; };
		639AF4122830D9DC00F544AC /* Localization.swift in Sources */ = {isa = PBXBuildFile; fileRef = 639AF4112830D9DC00F544AC /* Localization.swift */; };
		639AF4152830F2D100F544AC /* Charts in Frameworks */ = {isa = PBXBuildFile; productRef = 639AF4142830F2D100F544AC /* Charts */; };
/* End PBXBuildFile section */

/* Begin PBXContainerItemProxy section */
		6370C3E3280BCAAE00ABDF7D /* PBXContainerItemProxy */ = {
			isa = PBXContainerItemProxy;
			containerPortal = 6301903227A94742005C82FB /* Project object */;
			proxyType = 1;
			remoteGlobalIDString = 6301903927A94742005C82FB;
			remoteInfo = weatherApp;
		};
/* End PBXContainerItemProxy section */

/* Begin PBXFileReference section */
		6301903A27A94742005C82FB /* weatherApp.app */ = {isa = PBXFileReference; explicitFileType = wrapper.application; includeInIndex = 0; path = weatherApp.app; sourceTree = BUILT_PRODUCTS_DIR; };
		6301903D27A94742005C82FB /* AppDelegate.swift */ = {isa = PBXFileReference; lastKnownFileType = sourcecode.swift; path = AppDelegate.swift; sourceTree = "<group>"; };
		6301904127A94742005C82FB /* OnBoardingViewController.swift */ = {isa = PBXFileReference; lastKnownFileType = sourcecode.swift; path = OnBoardingViewController.swift; sourceTree = "<group>"; };
		6301904627A94744005C82FB /* Assets.xcassets */ = {isa = PBXFileReference; lastKnownFileType = folder.assetcatalog; path = Assets.xcassets; sourceTree = "<group>"; };
		6301904927A94744005C82FB /* Base */ = {isa = PBXFileReference; lastKnownFileType = file.storyboard; name = Base; path = Base.lproj/LaunchScreen.storyboard; sourceTree = "<group>"; };
		6301904B27A94744005C82FB /* Info.plist */ = {isa = PBXFileReference; lastKnownFileType = text.plist.xml; path = Info.plist; sourceTree = "<group>"; };
		630A1A3C27B3B9390099742D /* MainCoordinator.swift */ = {isa = PBXFileReference; lastKnownFileType = sourcecode.swift; path = MainCoordinator.swift; sourceTree = "<group>"; };
		630A1A3E27B3BAB50099742D /* AppCoordinator.swift */ = {isa = PBXFileReference; lastKnownFileType = sourcecode.swift; path = AppCoordinator.swift; sourceTree = "<group>"; };
		630A1A4027B3BAFF0099742D /* CoordinatorSetup.swift */ = {isa = PBXFileReference; lastKnownFileType = sourcecode.swift; path = CoordinatorSetup.swift; sourceTree = "<group>"; };
		630A1A4227B3BEBC0099742D /* ViewModelFactory.swift */ = {isa = PBXFileReference; lastKnownFileType = sourcecode.swift; path = ViewModelFactory.swift; sourceTree = "<group>"; };
		630A1A4427B3BF970099742D /* OnBoardingCoordinator.swift */ = {isa = PBXFileReference; lastKnownFileType = sourcecode.swift; path = OnBoardingCoordinator.swift; sourceTree = "<group>"; };
		633726C127B62DCB00F7CF80 /* RealmDBGP.swift */ = {isa = PBXFileReference; lastKnownFileType = sourcecode.swift; path = RealmDBGP.swift; sourceTree = "<group>"; };
		634DC5A827BB78310070C915 /* YaGeoCoding.swift */ = {isa = PBXFileReference; lastKnownFileType = sourcecode.swift; path = YaGeoCoding.swift; sourceTree = "<group>"; };
		634DC5AD27BB7B690070C915 /* YandexGeoCodingObjects.swift */ = {isa = PBXFileReference; lastKnownFileType = sourcecode.swift; path = YandexGeoCodingObjects.swift; sourceTree = "<group>"; };
		634DC5AF27BB7BF80070C915 /* GeoPosExtractor.swift */ = {isa = PBXFileReference; lastKnownFileType = sourcecode.swift; path = GeoPosExtractor.swift; sourceTree = "<group>"; };
		636AE81A27C2303200BC1F97 /* DaySummarySelectorView.swift */ = {isa = PBXFileReference; lastKnownFileType = sourcecode.swift; path = DaySummarySelectorView.swift; sourceTree = "<group>"; };
		636AE81C27C2309400BC1F97 /* DaySummarySelectorCell.swift */ = {isa = PBXFileReference; lastKnownFileType = sourcecode.swift; path = DaySummarySelectorCell.swift; sourceTree = "<group>"; };
		636AE81E27C2311900BC1F97 /* ForecastDetailsView.swift */ = {isa = PBXFileReference; lastKnownFileType = sourcecode.swift; path = ForecastDetailsView.swift; sourceTree = "<group>"; };
		636AE82027C2318300BC1F97 /* WeatherDetailRowView.swift */ = {isa = PBXFileReference; lastKnownFileType = sourcecode.swift; path = WeatherDetailRowView.swift; sourceTree = "<group>"; };
		636AE82227C231C200BC1F97 /* SunAndMoonDetailsView.swift */ = {isa = PBXFileReference; lastKnownFileType = sourcecode.swift; path = SunAndMoonDetailsView.swift; sourceTree = "<group>"; };
		636AE82427C2320500BC1F97 /* AirQualityDetailsView.swift */ = {isa = PBXFileReference; lastKnownFileType = sourcecode.swift; path = AirQualityDetailsView.swift; sourceTree = "<group>"; };
		636AE82627C2325E00BC1F97 /* PaddingLabel.swift */ = {isa = PBXFileReference; lastKnownFileType = sourcecode.swift; path = PaddingLabel.swift; sourceTree = "<group>"; };
		636AE82827C23EAA00BC1F97 /* CurrentLocationProvider.swift */ = {isa = PBXFileReference; fileEncoding = 4; lastKnownFileType = sourcecode.swift; path = CurrentLocationProvider.swift; sourceTree = "<group>"; };
		636AE82A27C23F8A00BC1F97 /* WAPI.swift */ = {isa = PBXFileReference; lastKnownFileType = sourcecode.swift; path = WAPI.swift; sourceTree = "<group>"; };
		636AE82F27C240DA00BC1F97 /* WeatherDataProvider.swift */ = {isa = PBXFileReference; lastKnownFileType = sourcecode.swift; path = WeatherDataProvider.swift; sourceTree = "<group>"; };
		636AE83127C2410E00BC1F97 /* WeatherDataMonthlyDB.swift */ = {isa = PBXFileReference; lastKnownFileType = sourcecode.swift; path = WeatherDataMonthlyDB.swift; sourceTree = "<group>"; };
		636AE83327C2412300BC1F97 /* WeatherDataHourlyDB.swift */ = {isa = PBXFileReference; lastKnownFileType = sourcecode.swift; path = WeatherDataHourlyDB.swift; sourceTree = "<group>"; };
		636AE83527C2413800BC1F97 /* WeatherDataOneDayDB.swift */ = {isa = PBXFileReference; lastKnownFileType = sourcecode.swift; path = WeatherDataOneDayDB.swift; sourceTree = "<group>"; };
		636D243D27B24CCB00D66DA7 /* CommonThingsAndHelpers.swift */ = {isa = PBXFileReference; fileEncoding = 4; lastKnownFileType = sourcecode.swift; path = CommonThingsAndHelpers.swift; sourceTree = "<group>"; };
		636D243F27B2511500D66DA7 /* DetailedDayView.swift */ = {isa = PBXFileReference; lastKnownFileType = sourcecode.swift; path = DetailedDayView.swift; sourceTree = "<group>"; };
		636D244127B274A100D66DA7 /* perHourView.swift */ = {isa = PBXFileReference; lastKnownFileType = sourcecode.swift; path = perHourView.swift; sourceTree = "<group>"; };
		636D244327B2762000D66DA7 /* PerDayView.swift */ = {isa = PBXFileReference; lastKnownFileType = sourcecode.swift; path = PerDayView.swift; sourceTree = "<group>"; };
		636D244627B2775E00D66DA7 /* PerHourCell.swift */ = {isa = PBXFileReference; lastKnownFileType = sourcecode.swift; path = PerHourCell.swift; sourceTree = "<group>"; };
		636D244827B27A9F00D66DA7 /* PerDayCell.swift */ = {isa = PBXFileReference; lastKnownFileType = sourcecode.swift; path = PerDayCell.swift; sourceTree = "<group>"; };
		6370C3DF280BCAAE00ABDF7D /* weatherAppTests.xctest */ = {isa = PBXFileReference; explicitFileType = wrapper.cfbundle; includeInIndex = 0; path = weatherAppTests.xctest; sourceTree = BUILT_PRODUCTS_DIR; };
		6370C3E1280BCAAE00ABDF7D /* weatherAppTests.swift */ = {isa = PBXFileReference; lastKnownFileType = sourcecode.swift; path = weatherAppTests.swift; sourceTree = "<group>"; };
		6370C3E8280BCBC200ABDF7D /* ViewModelFactoryMock.swift */ = {isa = PBXFileReference; lastKnownFileType = sourcecode.swift; path = ViewModelFactoryMock.swift; sourceTree = "<group>"; };
		6370C3EA280BD35400ABDF7D /* MockControllerCoordinatorEventProtocol.swift */ = {isa = PBXFileReference; lastKnownFileType = sourcecode.swift; path = MockControllerCoordinatorEventProtocol.swift; sourceTree = "<group>"; };
		6370C3EC280BD38C00ABDF7D /* ControllerStatisticsProtocol.swift */ = {isa = PBXFileReference; lastKnownFileType = sourcecode.swift; path = ControllerStatisticsProtocol.swift; sourceTree = "<group>"; };
		6370C3EE280BD40300ABDF7D /* MockSettingsViewController.swift */ = {isa = PBXFileReference; lastKnownFileType = sourcecode.swift; path = MockSettingsViewController.swift; sourceTree = "<group>"; };
		6370C3F0280BD46C00ABDF7D /* MockDaySummaryController.swift */ = {isa = PBXFileReference; lastKnownFileType = sourcecode.swift; path = MockDaySummaryController.swift; sourceTree = "<group>"; };
		6370C3F2280BD4AF00ABDF7D /* MockHourSummaryController.swift */ = {isa = PBXFileReference; lastKnownFileType = sourcecode.swift; path = MockHourSummaryController.swift; sourceTree = "<group>"; };
		6370C3F4280BD4E500ABDF7D /* MockOnboardingViewController.swift */ = {isa = PBXFileReference; lastKnownFileType = sourcecode.swift; path = MockOnboardingViewController.swift; sourceTree = "<group>"; };
		6370C3F6280BD51800ABDF7D /* MockMainViewController.swift */ = {isa = PBXFileReference; lastKnownFileType = sourcecode.swift; path = MockMainViewController.swift; sourceTree = "<group>"; };
		637EC97127A953750014F3EF /* onBoardingVIew.swift */ = {isa = PBXFileReference; lastKnownFileType = sourcecode.swift; path = onBoardingVIew.swift; sourceTree = "<group>"; };
		638384F527AE47C7009062EE /* MainScreenView.swift */ = {isa = PBXFileReference; lastKnownFileType = sourcecode.swift; path = MainScreenView.swift; sourceTree = "<group>"; };
		638384F727AE47E1009062EE /* MainViewController.swift */ = {isa = PBXFileReference; lastKnownFileType = sourcecode.swift; path = MainViewController.swift; sourceTree = "<group>"; };
		638384FD27AE50BF009062EE /* NavigationView.swift */ = {isa = PBXFileReference; lastKnownFileType = sourcecode.swift; path = NavigationView.swift; sourceTree = "<group>"; };
		638384FF27AE530F009062EE /* DailyHeaderView.swift */ = {isa = PBXFileReference; lastKnownFileType = sourcecode.swift; path = DailyHeaderView.swift; sourceTree = "<group>"; };
		6383850127AE57F0009062EE /* DayDisplayView.swift */ = {isa = PBXFileReference; lastKnownFileType = sourcecode.swift; path = DayDisplayView.swift; sourceTree = "<group>"; };
		638DF32A27C0B67700DF1DB1 /* SettingsViewController.swift */ = {isa = PBXFileReference; lastKnownFileType = sourcecode.swift; path = SettingsViewController.swift; sourceTree = "<group>"; };
		638DF32C27C0B6B700DF1DB1 /* SettingsView.swift */ = {isa = PBXFileReference; lastKnownFileType = sourcecode.swift; path = SettingsView.swift; sourceTree = "<group>"; };
		638DF32E27C0B79F00DF1DB1 /* DaySummaryController.swift */ = {isa = PBXFileReference; lastKnownFileType = sourcecode.swift; path = DaySummaryController.swift; sourceTree = "<group>"; };
		638DF33027C0B86100DF1DB1 /* DaySummaryView.swift */ = {isa = PBXFileReference; lastKnownFileType = sourcecode.swift; path = DaySummaryView.swift; sourceTree = "<group>"; };
		638DF33327C0B92300DF1DB1 /* WeatherData.swift */ = {isa = PBXFileReference; lastKnownFileType = sourcecode.swift; path = WeatherData.swift; sourceTree = "<group>"; };
		638DF33527C0C2B400DF1DB1 /* WeatherDataUI.swift */ = {isa = PBXFileReference; lastKnownFileType = sourcecode.swift; path = WeatherDataUI.swift; sourceTree = "<group>"; };
		638DF33727C0C2FB00DF1DB1 /* Formaters.swift */ = {isa = PBXFileReference; lastKnownFileType = sourcecode.swift; path = Formaters.swift; sourceTree = "<group>"; };
		638DF33927C0C3E200DF1DB1 /* HourSummaryViewController.swift */ = {isa = PBXFileReference; lastKnownFileType = sourcecode.swift; path = HourSummaryViewController.swift; sourceTree = "<group>"; };
		638DF33B27C0C41D00DF1DB1 /* HourSummaryView.swift */ = {isa = PBXFileReference; lastKnownFileType = sourcecode.swift; path = HourSummaryView.swift; sourceTree = "<group>"; };
		638DF33D27C0C51A00DF1DB1 /* HourSummaryTableDetailsView.swift */ = {isa = PBXFileReference; lastKnownFileType = sourcecode.swift; path = HourSummaryTableDetailsView.swift; sourceTree = "<group>"; };
		638DF33F27C0C57300DF1DB1 /* HourDetailsTableCell.swift */ = {isa = PBXFileReference; lastKnownFileType = sourcecode.swift; path = HourDetailsTableCell.swift; sourceTree = "<group>"; };
		638DF34127C0C5AD00DF1DB1 /* HourGraphView.swift */ = {isa = PBXFileReference; lastKnownFileType = sourcecode.swift; path = HourGraphView.swift; sourceTree = "<group>"; };
		638DF34327C0C6DC00DF1DB1 /* SettingsCoordinator.swift */ = {isa = PBXFileReference; lastKnownFileType = sourcecode.swift; path = SettingsCoordinator.swift; sourceTree = "<group>"; };
		638DF34527C0C70B00DF1DB1 /* DaySummaryCoordinator.swift */ = {isa = PBXFileReference; lastKnownFileType = sourcecode.swift; path = DaySummaryCoordinator.swift; sourceTree = "<group>"; };
		638DF34727C0C72A00DF1DB1 /* HourSummaryCoordinator.swift */ = {isa = PBXFileReference; lastKnownFileType = sourcecode.swift; path = HourSummaryCoordinator.swift; sourceTree = "<group>"; };
		639AF40D2830D6B400F544AC /* en */ = {isa = PBXFileReference; lastKnownFileType = text.plist.strings; name = en; path = en.lproj/Localizable.strings; sourceTree = "<group>"; };
		639AF40F2830D70300F544AC /* ru */ = {isa = PBXFileReference; lastKnownFileType = text.plist.strings; name = ru; path = ru.lproj/LaunchScreen.strings; sourceTree = "<group>"; };
		639AF4102830D70300F544AC /* ru */ = {isa = PBXFileReference; lastKnownFileType = text.plist.strings; name = ru; path = ru.lproj/Localizable.strings; sourceTree = "<group>"; };
		639AF4112830D9DC00F544AC /* Localization.swift */ = {isa = PBXFileReference; lastKnownFileType = sourcecode.swift; path = Localization.swift; sourceTree = "<group>"; };
/* End PBXFileReference section */

/* Begin PBXFrameworksBuildPhase section */
		6301903727A94742005C82FB /* Frameworks */ = {
			isa = PBXFrameworksBuildPhase;
			buildActionMask = 2147483647;
			files = (
				636AE82E27C2400300BC1F97 /* SwiftyJSON in Frameworks */,
				633726BF27B62CC800F7CF80 /* RealmSwift in Frameworks */,
				634DC5AC27BB7AA30070C915 /* Alamofire in Frameworks */,
				639AF4152830F2D100F544AC /* Charts in Frameworks */,
			);
			runOnlyForDeploymentPostprocessing = 0;
		};
		6370C3DC280BCAAE00ABDF7D /* Frameworks */ = {
			isa = PBXFrameworksBuildPhase;
			buildActionMask = 2147483647;
			files = (
			);
			runOnlyForDeploymentPostprocessing = 0;
		};
/* End PBXFrameworksBuildPhase section */

/* Begin PBXGroup section */
		6301903127A94742005C82FB = {
			isa = PBXGroup;
			children = (
				6301903C27A94742005C82FB /* weatherApp */,
				6370C3E0280BCAAE00ABDF7D /* weatherAppTests */,
				6301903B27A94742005C82FB /* Products */,
			);
			sourceTree = "<group>";
		};
		6301903B27A94742005C82FB /* Products */ = {
			isa = PBXGroup;
			children = (
				6301903A27A94742005C82FB /* weatherApp.app */,
				6370C3DF280BCAAE00ABDF7D /* weatherAppTests.xctest */,
			);
			name = Products;
			sourceTree = "<group>";
		};
		6301903C27A94742005C82FB /* weatherApp */ = {
			isa = PBXGroup;
			children = (
				633726C327B62EDA00F7CF80 /* GeoAndNetWorking */,
				633726C027B62D3A00F7CF80 /* RealmDB */,
				630A1A3B27B3B91B0099742D /* Coordinators */,
				6301903D27A94742005C82FB /* AppDelegate.swift */,
				637EC97327A953820014F3EF /* VIews */,
				637EC97427A953920014F3EF /* Controllers */,
				638384F927AE4C6F009062EE /* Common */,
				6301904627A94744005C82FB /* Assets.xcassets */,
				6301904827A94744005C82FB /* LaunchScreen.storyboard */,
				6301904B27A94744005C82FB /* Info.plist */,
				639AF40E2830D6B400F544AC /* Localizable.strings */,
			);
			path = weatherApp;
			sourceTree = "<group>";
		};
		630A1A3B27B3B91B0099742D /* Coordinators */ = {
			isa = PBXGroup;
			children = (
				630A1A3C27B3B9390099742D /* MainCoordinator.swift */,
				630A1A4227B3BEBC0099742D /* ViewModelFactory.swift */,
				630A1A3E27B3BAB50099742D /* AppCoordinator.swift */,
				638DF34727C0C72A00DF1DB1 /* HourSummaryCoordinator.swift */,
				638DF34527C0C70B00DF1DB1 /* DaySummaryCoordinator.swift */,
				630A1A4027B3BAFF0099742D /* CoordinatorSetup.swift */,
				630A1A4427B3BF970099742D /* OnBoardingCoordinator.swift */,
				638DF34327C0C6DC00DF1DB1 /* SettingsCoordinator.swift */,
			);
			path = Coordinators;
			sourceTree = "<group>";
		};
		633726C027B62D3A00F7CF80 /* RealmDB */ = {
			isa = PBXGroup;
			children = (
				633726C127B62DCB00F7CF80 /* RealmDBGP.swift */,
				636AE83127C2410E00BC1F97 /* WeatherDataMonthlyDB.swift */,
				636AE83327C2412300BC1F97 /* WeatherDataHourlyDB.swift */,
				636AE83527C2413800BC1F97 /* WeatherDataOneDayDB.swift */,
			);
			path = RealmDB;
			sourceTree = "<group>";
		};
		633726C327B62EDA00F7CF80 /* GeoAndNetWorking */ = {
			isa = PBXGroup;
			children = (
				638DF33227C0B90900DF1DB1 /* WeatherService */,
				634DC5A827BB78310070C915 /* YaGeoCoding.swift */,
				636AE82827C23EAA00BC1F97 /* CurrentLocationProvider.swift */,
				634DC5AD27BB7B690070C915 /* YandexGeoCodingObjects.swift */,
			);
			path = GeoAndNetWorking;
			sourceTree = "<group>";
		};
		636D244527B276F500D66DA7 /* Collection Cells */ = {
			isa = PBXGroup;
			children = (
				636D244627B2775E00D66DA7 /* PerHourCell.swift */,
				636D244827B27A9F00D66DA7 /* PerDayCell.swift */,
				638DF33F27C0C57300DF1DB1 /* HourDetailsTableCell.swift */,
				636AE81C27C2309400BC1F97 /* DaySummarySelectorCell.swift */,
			);
			path = "Collection Cells";
			sourceTree = "<group>";
		};
		6370C3E0280BCAAE00ABDF7D /* weatherAppTests */ = {
			isa = PBXGroup;
			children = (
				6370C3E1280BCAAE00ABDF7D /* weatherAppTests.swift */,
				6370C3E8280BCBC200ABDF7D /* ViewModelFactoryMock.swift */,
				6370C3F6280BD51800ABDF7D /* MockMainViewController.swift */,
				6370C3F4280BD4E500ABDF7D /* MockOnboardingViewController.swift */,
				6370C3F2280BD4AF00ABDF7D /* MockHourSummaryController.swift */,
				6370C3F0280BD46C00ABDF7D /* MockDaySummaryController.swift */,
				6370C3EE280BD40300ABDF7D /* MockSettingsViewController.swift */,
				6370C3EA280BD35400ABDF7D /* MockControllerCoordinatorEventProtocol.swift */,
				6370C3EC280BD38C00ABDF7D /* ControllerStatisticsProtocol.swift */,
			);
			path = weatherAppTests;
			sourceTree = "<group>";
		};
		637EC97327A953820014F3EF /* VIews */ = {
			isa = PBXGroup;
			children = (
				637EC97127A953750014F3EF /* onBoardingVIew.swift */,
				638384F527AE47C7009062EE /* MainScreenView.swift */,
				638DF32C27C0B6B700DF1DB1 /* SettingsView.swift */,
				638DF33027C0B86100DF1DB1 /* DaySummaryView.swift */,
				638DF33B27C0C41D00DF1DB1 /* HourSummaryView.swift */,
				638384FC27AE507E009062EE /* SubViews */,
			);
			path = VIews;
			sourceTree = "<group>";
		};
		637EC97427A953920014F3EF /* Controllers */ = {
			isa = PBXGroup;
			children = (
				6301904127A94742005C82FB /* OnBoardingViewController.swift */,
				638384F727AE47E1009062EE /* MainViewController.swift */,
				638DF32A27C0B67700DF1DB1 /* SettingsViewController.swift */,
				638DF32E27C0B79F00DF1DB1 /* DaySummaryController.swift */,
				638DF33927C0C3E200DF1DB1 /* HourSummaryViewController.swift */,
			);
			path = Controllers;
			sourceTree = "<group>";
		};
		638384F927AE4C6F009062EE /* Common */ = {
			isa = PBXGroup;
			children = (
				636D243D27B24CCB00D66DA7 /* CommonThingsAndHelpers.swift */,
				634DC5AF27BB7BF80070C915 /* GeoPosExtractor.swift */,
				638DF33727C0C2FB00DF1DB1 /* Formaters.swift */,
				639AF4112830D9DC00F544AC /* Localization.swift */,
			);
			path = Common;
			sourceTree = "<group>";
		};
		638384FC27AE507E009062EE /* SubViews */ = {
			isa = PBXGroup;
			children = (
				638384FD27AE50BF009062EE /* NavigationView.swift */,
				636D244127B274A100D66DA7 /* perHourView.swift */,
				636D244327B2762000D66DA7 /* PerDayView.swift */,
				6383850127AE57F0009062EE /* DayDisplayView.swift */,
				638384FF27AE530F009062EE /* DailyHeaderView.swift */,
				636D243F27B2511500D66DA7 /* DetailedDayView.swift */,
				636AE81E27C2311900BC1F97 /* ForecastDetailsView.swift */,
				636AE82227C231C200BC1F97 /* SunAndMoonDetailsView.swift */,
				636AE82027C2318300BC1F97 /* WeatherDetailRowView.swift */,
				636AE82427C2320500BC1F97 /* AirQualityDetailsView.swift */,
				636AE82627C2325E00BC1F97 /* PaddingLabel.swift */,
				636AE81A27C2303200BC1F97 /* DaySummarySelectorView.swift */,
				638DF33D27C0C51A00DF1DB1 /* HourSummaryTableDetailsView.swift */,
				638DF34127C0C5AD00DF1DB1 /* HourGraphView.swift */,
				636D244527B276F500D66DA7 /* Collection Cells */,
			);
			path = SubViews;
			sourceTree = "<group>";
		};
		638DF33227C0B90900DF1DB1 /* WeatherService */ = {
			isa = PBXGroup;
			children = (
				638DF33327C0B92300DF1DB1 /* WeatherData.swift */,
				636AE82F27C240DA00BC1F97 /* WeatherDataProvider.swift */,
				638DF33527C0C2B400DF1DB1 /* WeatherDataUI.swift */,
				636AE82A27C23F8A00BC1F97 /* WAPI.swift */,
			);
			path = WeatherService;
			sourceTree = "<group>";
		};
/* End PBXGroup section */

/* Begin PBXNativeTarget section */
		6301903927A94742005C82FB /* weatherApp */ = {
			isa = PBXNativeTarget;
			buildConfigurationList = 6301904E27A94744005C82FB /* Build configuration list for PBXNativeTarget "weatherApp" */;
			buildPhases = (
				6301903627A94742005C82FB /* Sources */,
				6301903727A94742005C82FB /* Frameworks */,
				6301903827A94742005C82FB /* Resources */,
			);
			buildRules = (
			);
			dependencies = (
			);
			name = weatherApp;
			packageProductDependencies = (
				633726BE27B62CC800F7CF80 /* RealmSwift */,
				634DC5AB27BB7AA30070C915 /* Alamofire */,
				636AE82D27C2400300BC1F97 /* SwiftyJSON */,
				639AF4142830F2D100F544AC /* Charts */,
			);
			productName = weatherApp;
			productReference = 6301903A27A94742005C82FB /* weatherApp.app */;
			productType = "com.apple.product-type.application";
		};
		6370C3DE280BCAAE00ABDF7D /* weatherAppTests */ = {
			isa = PBXNativeTarget;
			buildConfigurationList = 6370C3E7280BCAAE00ABDF7D /* Build configuration list for PBXNativeTarget "weatherAppTests" */;
			buildPhases = (
				6370C3DB280BCAAE00ABDF7D /* Sources */,
				6370C3DC280BCAAE00ABDF7D /* Frameworks */,
				6370C3DD280BCAAE00ABDF7D /* Resources */,
			);
			buildRules = (
			);
			dependencies = (
				6370C3E4280BCAAE00ABDF7D /* PBXTargetDependency */,
			);
			name = weatherAppTests;
			productName = weatherAppTests;
			productReference = 6370C3DF280BCAAE00ABDF7D /* weatherAppTests.xctest */;
			productType = "com.apple.product-type.bundle.unit-test";
		};
/* End PBXNativeTarget section */

/* Begin PBXProject section */
		6301903227A94742005C82FB /* Project object */ = {
			isa = PBXProject;
			attributes = {
				BuildIndependentTargetsInParallel = 1;
				LastSwiftUpdateCheck = 1320;
				LastUpgradeCheck = 1320;
				TargetAttributes = {
					6301903927A94742005C82FB = {
						CreatedOnToolsVersion = 13.2;
					};
					6370C3DE280BCAAE00ABDF7D = {
						CreatedOnToolsVersion = 13.2.1;
						TestTargetID = 6301903927A94742005C82FB;
					};
				};
			};
			buildConfigurationList = 6301903527A94742005C82FB /* Build configuration list for PBXProject "weatherApp" */;
			compatibilityVersion = "Xcode 13.0";
			developmentRegion = en;
			hasScannedForEncodings = 0;
			knownRegions = (
				en,
				Base,
				ru,
			);
			mainGroup = 6301903127A94742005C82FB;
			packageReferences = (
				633726BD27B62CC800F7CF80 /* XCRemoteSwiftPackageReference "realm-swift" */,
				634DC5AA27BB7AA30070C915 /* XCRemoteSwiftPackageReference "Alamofire" */,
				636AE82C27C2400300BC1F97 /* XCRemoteSwiftPackageReference "SwiftyJSON" */,
				639AF4132830F2D100F544AC /* XCRemoteSwiftPackageReference "Charts" */,
			);
			productRefGroup = 6301903B27A94742005C82FB /* Products */;
			projectDirPath = "";
			projectRoot = "";
			targets = (
				6301903927A94742005C82FB /* weatherApp */,
				6370C3DE280BCAAE00ABDF7D /* weatherAppTests */,
			);
		};
/* End PBXProject section */

/* Begin PBXResourcesBuildPhase section */
		6301903827A94742005C82FB /* Resources */ = {
			isa = PBXResourcesBuildPhase;
			buildActionMask = 2147483647;
			files = (
				6301904A27A94744005C82FB /* LaunchScreen.storyboard in Resources */,
				639AF40C2830D6B400F544AC /* Localizable.strings in Resources */,
				6301904727A94744005C82FB /* Assets.xcassets in Resources */,
			);
			runOnlyForDeploymentPostprocessing = 0;
		};
		6370C3DD280BCAAE00ABDF7D /* Resources */ = {
			isa = PBXResourcesBuildPhase;
			buildActionMask = 2147483647;
			files = (
			);
			runOnlyForDeploymentPostprocessing = 0;
		};
/* End PBXResourcesBuildPhase section */

/* Begin PBXSourcesBuildPhase section */
		6301903627A94742005C82FB /* Sources */ = {
			isa = PBXSourcesBuildPhase;
			buildActionMask = 2147483647;
			files = (
				636AE82127C2318300BC1F97 /* WeatherDetailRowView.swift in Sources */,
				638DF34627C0C70B00DF1DB1 /* DaySummaryCoordinator.swift in Sources */,
				638DF33827C0C2FB00DF1DB1 /* Formaters.swift in Sources */,
				6301904227A94742005C82FB /* OnBoardingViewController.swift in Sources */,
				634DC5B027BB7BF80070C915 /* GeoPosExtractor.swift in Sources */,
				636AE82327C231C200BC1F97 /* SunAndMoonDetailsView.swift in Sources */,
				636AE81F27C2311900BC1F97 /* ForecastDetailsView.swift in Sources */,
				636AE82927C23EAA00BC1F97 /* CurrentLocationProvider.swift in Sources */,
				636D244727B2775E00D66DA7 /* PerHourCell.swift in Sources */,
				6301903E27A94742005C82FB /* AppDelegate.swift in Sources */,
				638DF34227C0C5AD00DF1DB1 /* HourGraphView.swift in Sources */,
				638DF33A27C0C3E200DF1DB1 /* HourSummaryViewController.swift in Sources */,
				636D244227B274A100D66DA7 /* perHourView.swift in Sources */,
				638DF34427C0C6DC00DF1DB1 /* SettingsCoordinator.swift in Sources */,
				630A1A3F27B3BAB50099742D /* AppCoordinator.swift in Sources */,
				638DF33127C0B86100DF1DB1 /* DaySummaryView.swift in Sources */,
				638DF33E27C0C51A00DF1DB1 /* HourSummaryTableDetailsView.swift in Sources */,
				636AE82727C2325E00BC1F97 /* PaddingLabel.swift in Sources */,
				639AF4122830D9DC00F544AC /* Localization.swift in Sources */,
				636D244927B27A9F00D66DA7 /* PerDayCell.swift in Sources */,
				636AE82527C2320500BC1F97 /* AirQualityDetailsView.swift in Sources */,
				638384FE27AE50BF009062EE /* NavigationView.swift in Sources */,
				638DF32B27C0B67700DF1DB1 /* SettingsViewController.swift in Sources */,
				638DF34827C0C72A00DF1DB1 /* HourSummaryCoordinator.swift in Sources */,
				638DF32F27C0B79F00DF1DB1 /* DaySummaryController.swift in Sources */,
				636D244427B2762000D66DA7 /* PerDayView.swift in Sources */,
				636D244027B2511500D66DA7 /* DetailedDayView.swift in Sources */,
				636AE81D27C2309400BC1F97 /* DaySummarySelectorCell.swift in Sources */,
				637EC97227A953750014F3EF /* onBoardingVIew.swift in Sources */,
				638384F627AE47C7009062EE /* MainScreenView.swift in Sources */,
				638DF34027C0C57300DF1DB1 /* HourDetailsTableCell.swift in Sources */,
				6383850227AE57F0009062EE /* DayDisplayView.swift in Sources */,
				638DF33627C0C2B400DF1DB1 /* WeatherDataUI.swift in Sources */,
				638DF33C27C0C41D00DF1DB1 /* HourSummaryView.swift in Sources */,
				633726C227B62DCB00F7CF80 /* RealmDBGP.swift in Sources */,
				6383850027AE530F009062EE /* DailyHeaderView.swift in Sources */,
				638DF33427C0B92300DF1DB1 /* WeatherData.swift in Sources */,
				630A1A4127B3BAFF0099742D /* CoordinatorSetup.swift in Sources */,
				636AE81B27C2303200BC1F97 /* DaySummarySelectorView.swift in Sources */,
				636AE83227C2410E00BC1F97 /* WeatherDataMonthlyDB.swift in Sources */,
				636AE83427C2412300BC1F97 /* WeatherDataHourlyDB.swift in Sources */,
				636D243E27B24CCB00D66DA7 /* CommonThingsAndHelpers.swift in Sources */,
				630A1A4527B3BF970099742D /* OnBoardingCoordinator.swift in Sources */,
				636AE82B27C23F8A00BC1F97 /* WAPI.swift in Sources */,
				636AE83027C240DA00BC1F97 /* WeatherDataProvider.swift in Sources */,
				634DC5AE27BB7B690070C915 /* YandexGeoCodingObjects.swift in Sources */,
				630A1A4327B3BEBC0099742D /* ViewModelFactory.swift in Sources */,
				630A1A3D27B3B9390099742D /* MainCoordinator.swift in Sources */,
				638384F827AE47E1009062EE /* MainViewController.swift in Sources */,
				634DC5A927BB78310070C915 /* YaGeoCoding.swift in Sources */,
				638DF32D27C0B6B700DF1DB1 /* SettingsView.swift in Sources */,
				636AE83627C2413800BC1F97 /* WeatherDataOneDayDB.swift in Sources */,
			);
			runOnlyForDeploymentPostprocessing = 0;
		};
		6370C3DB280BCAAE00ABDF7D /* Sources */ = {
			isa = PBXSourcesBuildPhase;
			buildActionMask = 2147483647;
			files = (
				6370C3EF280BD40300ABDF7D /* MockSettingsViewController.swift in Sources */,
				6370C3F3280BD4AF00ABDF7D /* MockHourSummaryController.swift in Sources */,
				6370C3F1280BD46C00ABDF7D /* MockDaySummaryController.swift in Sources */,
				6370C3ED280BD38C00ABDF7D /* ControllerStatisticsProtocol.swift in Sources */,
				6370C3E2280BCAAE00ABDF7D /* weatherAppTests.swift in Sources */,
				6370C3F7280BD51800ABDF7D /* MockMainViewController.swift in Sources */,
				6370C3F5280BD4E500ABDF7D /* MockOnboardingViewController.swift in Sources */,
				6370C3EB280BD35400ABDF7D /* MockControllerCoordinatorEventProtocol.swift in Sources */,
				6370C3E9280BCBC200ABDF7D /* ViewModelFactoryMock.swift in Sources */,
			);
			runOnlyForDeploymentPostprocessing = 0;
		};
/* End PBXSourcesBuildPhase section */

/* Begin PBXTargetDependency section */
		6370C3E4280BCAAE00ABDF7D /* PBXTargetDependency */ = {
			isa = PBXTargetDependency;
			target = 6301903927A94742005C82FB /* weatherApp */;
			targetProxy = 6370C3E3280BCAAE00ABDF7D /* PBXContainerItemProxy */;
		};
/* End PBXTargetDependency section */

/* Begin PBXVariantGroup section */
		6301904827A94744005C82FB /* LaunchScreen.storyboard */ = {
			isa = PBXVariantGroup;
			children = (
				6301904927A94744005C82FB /* Base */,
				639AF40F2830D70300F544AC /* ru */,
			);
			name = LaunchScreen.storyboard;
			sourceTree = "<group>";
		};
		639AF40E2830D6B400F544AC /* Localizable.strings */ = {
			isa = PBXVariantGroup;
			children = (
				639AF40D2830D6B400F544AC /* en */,
				639AF4102830D70300F544AC /* ru */,
			);
			name = Localizable.strings;
			sourceTree = "<group>";
		};
/* End PBXVariantGroup section */

/* Begin XCBuildConfiguration section */
		6301904C27A94744005C82FB /* Debug */ = {
			isa = XCBuildConfiguration;
			buildSettings = {
				ALWAYS_SEARCH_USER_PATHS = NO;
				CLANG_ANALYZER_LOCALIZABILITY_NONLOCALIZED = YES;
				CLANG_ANALYZER_NONNULL = YES;
				CLANG_ANALYZER_NUMBER_OBJECT_CONVERSION = YES_AGGRESSIVE;
				CLANG_CXX_LANGUAGE_STANDARD = "gnu++17";
				CLANG_CXX_LIBRARY = "libc++";
				CLANG_ENABLE_MODULES = YES;
				CLANG_ENABLE_OBJC_ARC = YES;
				CLANG_ENABLE_OBJC_WEAK = YES;
				CLANG_WARN_BLOCK_CAPTURE_AUTORELEASING = YES;
				CLANG_WARN_BOOL_CONVERSION = YES;
				CLANG_WARN_COMMA = YES;
				CLANG_WARN_CONSTANT_CONVERSION = YES;
				CLANG_WARN_DEPRECATED_OBJC_IMPLEMENTATIONS = YES;
				CLANG_WARN_DIRECT_OBJC_ISA_USAGE = YES_ERROR;
				CLANG_WARN_DOCUMENTATION_COMMENTS = YES;
				CLANG_WARN_EMPTY_BODY = YES;
				CLANG_WARN_ENUM_CONVERSION = YES;
				CLANG_WARN_INFINITE_RECURSION = YES;
				CLANG_WARN_INT_CONVERSION = YES;
				CLANG_WARN_NON_LITERAL_NULL_CONVERSION = YES;
				CLANG_WARN_OBJC_IMPLICIT_RETAIN_SELF = YES;
				CLANG_WARN_OBJC_LITERAL_CONVERSION = YES;
				CLANG_WARN_OBJC_ROOT_CLASS = YES_ERROR;
				CLANG_WARN_QUOTED_INCLUDE_IN_FRAMEWORK_HEADER = YES;
				CLANG_WARN_RANGE_LOOP_ANALYSIS = YES;
				CLANG_WARN_STRICT_PROTOTYPES = YES;
				CLANG_WARN_SUSPICIOUS_MOVE = YES;
				CLANG_WARN_UNGUARDED_AVAILABILITY = YES_AGGRESSIVE;
				CLANG_WARN_UNREACHABLE_CODE = YES;
				CLANG_WARN__DUPLICATE_METHOD_MATCH = YES;
				COPY_PHASE_STRIP = NO;
				DEBUG_INFORMATION_FORMAT = dwarf;
				ENABLE_STRICT_OBJC_MSGSEND = YES;
				ENABLE_TESTABILITY = YES;
				GCC_C_LANGUAGE_STANDARD = gnu11;
				GCC_DYNAMIC_NO_PIC = NO;
				GCC_NO_COMMON_BLOCKS = YES;
				GCC_OPTIMIZATION_LEVEL = 0;
				GCC_PREPROCESSOR_DEFINITIONS = (
					"DEBUG=1",
					"$(inherited)",
				);
				GCC_WARN_64_TO_32_BIT_CONVERSION = YES;
				GCC_WARN_ABOUT_RETURN_TYPE = YES_ERROR;
				GCC_WARN_UNDECLARED_SELECTOR = YES;
				GCC_WARN_UNINITIALIZED_AUTOS = YES_AGGRESSIVE;
				GCC_WARN_UNUSED_FUNCTION = YES;
				GCC_WARN_UNUSED_VARIABLE = YES;
				IPHONEOS_DEPLOYMENT_TARGET = 15.2;
				MTL_ENABLE_DEBUG_INFO = INCLUDE_SOURCE;
				MTL_FAST_MATH = YES;
				ONLY_ACTIVE_ARCH = YES;
				SDKROOT = iphoneos;
				SWIFT_ACTIVE_COMPILATION_CONDITIONS = DEBUG;
				SWIFT_OPTIMIZATION_LEVEL = "-Onone";
			};
			name = Debug;
		};
		6301904D27A94744005C82FB /* Release */ = {
			isa = XCBuildConfiguration;
			buildSettings = {
				ALWAYS_SEARCH_USER_PATHS = NO;
				CLANG_ANALYZER_LOCALIZABILITY_NONLOCALIZED = YES;
				CLANG_ANALYZER_NONNULL = YES;
				CLANG_ANALYZER_NUMBER_OBJECT_CONVERSION = YES_AGGRESSIVE;
				CLANG_CXX_LANGUAGE_STANDARD = "gnu++17";
				CLANG_CXX_LIBRARY = "libc++";
				CLANG_ENABLE_MODULES = YES;
				CLANG_ENABLE_OBJC_ARC = YES;
				CLANG_ENABLE_OBJC_WEAK = YES;
				CLANG_WARN_BLOCK_CAPTURE_AUTORELEASING = YES;
				CLANG_WARN_BOOL_CONVERSION = YES;
				CLANG_WARN_COMMA = YES;
				CLANG_WARN_CONSTANT_CONVERSION = YES;
				CLANG_WARN_DEPRECATED_OBJC_IMPLEMENTATIONS = YES;
				CLANG_WARN_DIRECT_OBJC_ISA_USAGE = YES_ERROR;
				CLANG_WARN_DOCUMENTATION_COMMENTS = YES;
				CLANG_WARN_EMPTY_BODY = YES;
				CLANG_WARN_ENUM_CONVERSION = YES;
				CLANG_WARN_INFINITE_RECURSION = YES;
				CLANG_WARN_INT_CONVERSION = YES;
				CLANG_WARN_NON_LITERAL_NULL_CONVERSION = YES;
				CLANG_WARN_OBJC_IMPLICIT_RETAIN_SELF = YES;
				CLANG_WARN_OBJC_LITERAL_CONVERSION = YES;
				CLANG_WARN_OBJC_ROOT_CLASS = YES_ERROR;
				CLANG_WARN_QUOTED_INCLUDE_IN_FRAMEWORK_HEADER = YES;
				CLANG_WARN_RANGE_LOOP_ANALYSIS = YES;
				CLANG_WARN_STRICT_PROTOTYPES = YES;
				CLANG_WARN_SUSPICIOUS_MOVE = YES;
				CLANG_WARN_UNGUARDED_AVAILABILITY = YES_AGGRESSIVE;
				CLANG_WARN_UNREACHABLE_CODE = YES;
				CLANG_WARN__DUPLICATE_METHOD_MATCH = YES;
				COPY_PHASE_STRIP = NO;
				DEBUG_INFORMATION_FORMAT = "dwarf-with-dsym";
				ENABLE_NS_ASSERTIONS = NO;
				ENABLE_STRICT_OBJC_MSGSEND = YES;
				GCC_C_LANGUAGE_STANDARD = gnu11;
				GCC_NO_COMMON_BLOCKS = YES;
				GCC_WARN_64_TO_32_BIT_CONVERSION = YES;
				GCC_WARN_ABOUT_RETURN_TYPE = YES_ERROR;
				GCC_WARN_UNDECLARED_SELECTOR = YES;
				GCC_WARN_UNINITIALIZED_AUTOS = YES_AGGRESSIVE;
				GCC_WARN_UNUSED_FUNCTION = YES;
				GCC_WARN_UNUSED_VARIABLE = YES;
				IPHONEOS_DEPLOYMENT_TARGET = 15.2;
				MTL_ENABLE_DEBUG_INFO = NO;
				MTL_FAST_MATH = YES;
				SDKROOT = iphoneos;
				SWIFT_COMPILATION_MODE = wholemodule;
				SWIFT_OPTIMIZATION_LEVEL = "-O";
				VALIDATE_PRODUCT = YES;
			};
			name = Release;
		};
		6301904F27A94744005C82FB /* Debug */ = {
			isa = XCBuildConfiguration;
			buildSettings = {
				ASSETCATALOG_COMPILER_APPICON_NAME = AppIcon;
				ASSETCATALOG_COMPILER_GLOBAL_ACCENT_COLOR_NAME = AccentColor;
				CODE_SIGN_STYLE = Automatic;
				CURRENT_PROJECT_VERSION = 1;
				DEVELOPMENT_TEAM = K38NVY9D5B;
				GENERATE_INFOPLIST_FILE = YES;
				INFOPLIST_FILE = weatherApp/Info.plist;
				INFOPLIST_KEY_NSLocationAlwaysAndWhenInUseUsageDescription = "ИСПОЛЬЗОВАТЬ МЕСТОПОЛОЖЕНИЕ УСТРОЙСТВА";
				INFOPLIST_KEY_NSLocationWhenInUseUsageDescription = "ИСПОЛЬЗОВАТЬ МЕСТОПОЛОЖЕНИЕ УСТРОЙСТВА";
				INFOPLIST_KEY_UIApplicationSupportsIndirectInputEvents = YES;
				INFOPLIST_KEY_UILaunchStoryboardName = LaunchScreen;
				INFOPLIST_KEY_UISupportedInterfaceOrientations_iPad = "UIInterfaceOrientationPortrait UIInterfaceOrientationPortraitUpsideDown UIInterfaceOrientationLandscapeLeft UIInterfaceOrientationLandscapeRight";
				INFOPLIST_KEY_UISupportedInterfaceOrientations_iPhone = "UIInterfaceOrientationPortrait UIInterfaceOrientationLandscapeLeft UIInterfaceOrientationLandscapeRight";
				IPHONEOS_DEPLOYMENT_TARGET = 15.0;
				LD_RUNPATH_SEARCH_PATHS = (
					"$(inherited)",
					"@executable_path/Frameworks",
				);
				MARKETING_VERSION = 1.0;
				PRODUCT_BUNDLE_IDENTIFIER = MarkPushkar.weatherApp;
				PRODUCT_NAME = "$(TARGET_NAME)";
				SWIFT_EMIT_LOC_STRINGS = YES;
				SWIFT_VERSION = 5.0;
				TARGETED_DEVICE_FAMILY = "1,2";
			};
			name = Debug;
		};
		6301905027A94744005C82FB /* Release */ = {
			isa = XCBuildConfiguration;
			buildSettings = {
				ASSETCATALOG_COMPILER_APPICON_NAME = AppIcon;
				ASSETCATALOG_COMPILER_GLOBAL_ACCENT_COLOR_NAME = AccentColor;
				CODE_SIGN_STYLE = Automatic;
				CURRENT_PROJECT_VERSION = 1;
				DEVELOPMENT_TEAM = K38NVY9D5B;
				GENERATE_INFOPLIST_FILE = YES;
				INFOPLIST_FILE = weatherApp/Info.plist;
				INFOPLIST_KEY_NSLocationAlwaysAndWhenInUseUsageDescription = "ИСПОЛЬЗОВАТЬ МЕСТОПОЛОЖЕНИЕ УСТРОЙСТВА";
				INFOPLIST_KEY_NSLocationWhenInUseUsageDescription = "ИСПОЛЬЗОВАТЬ МЕСТОПОЛОЖЕНИЕ УСТРОЙСТВА";
				INFOPLIST_KEY_UIApplicationSupportsIndirectInputEvents = YES;
				INFOPLIST_KEY_UILaunchStoryboardName = LaunchScreen;
				INFOPLIST_KEY_UISupportedInterfaceOrientations_iPad = "UIInterfaceOrientationPortrait UIInterfaceOrientationPortraitUpsideDown UIInterfaceOrientationLandscapeLeft UIInterfaceOrientationLandscapeRight";
				INFOPLIST_KEY_UISupportedInterfaceOrientations_iPhone = "UIInterfaceOrientationPortrait UIInterfaceOrientationLandscapeLeft UIInterfaceOrientationLandscapeRight";
				IPHONEOS_DEPLOYMENT_TARGET = 15.0;
				LD_RUNPATH_SEARCH_PATHS = (
					"$(inherited)",
					"@executable_path/Frameworks",
				);
				MARKETING_VERSION = 1.0;
				PRODUCT_BUNDLE_IDENTIFIER = MarkPushkar.weatherApp;
				PRODUCT_NAME = "$(TARGET_NAME)";
				SWIFT_EMIT_LOC_STRINGS = YES;
				SWIFT_VERSION = 5.0;
				TARGETED_DEVICE_FAMILY = "1,2";
			};
			name = Release;
		};
		6370C3E5280BCAAE00ABDF7D /* Debug */ = {
			isa = XCBuildConfiguration;
			buildSettings = {
				BUNDLE_LOADER = "$(TEST_HOST)";
				CODE_SIGN_STYLE = Automatic;
				CURRENT_PROJECT_VERSION = 1;
				GENERATE_INFOPLIST_FILE = YES;
				MARKETING_VERSION = 1.0;
				PRODUCT_BUNDLE_IDENTIFIER = MarkPushkar.weatherAppTests;
				PRODUCT_NAME = "$(TARGET_NAME)";
				SWIFT_EMIT_LOC_STRINGS = NO;
				SWIFT_VERSION = 5.0;
				TARGETED_DEVICE_FAMILY = "1,2";
				TEST_HOST = "$(BUILT_PRODUCTS_DIR)/weatherApp.app/weatherApp";
			};
			name = Debug;
		};
		6370C3E6280BCAAE00ABDF7D /* Release */ = {
			isa = XCBuildConfiguration;
			buildSettings = {
				BUNDLE_LOADER = "$(TEST_HOST)";
				CODE_SIGN_STYLE = Automatic;
				CURRENT_PROJECT_VERSION = 1;
				GENERATE_INFOPLIST_FILE = YES;
				MARKETING_VERSION = 1.0;
				PRODUCT_BUNDLE_IDENTIFIER = MarkPushkar.weatherAppTests;
				PRODUCT_NAME = "$(TARGET_NAME)";
				SWIFT_EMIT_LOC_STRINGS = NO;
				SWIFT_VERSION = 5.0;
				TARGETED_DEVICE_FAMILY = "1,2";
				TEST_HOST = "$(BUILT_PRODUCTS_DIR)/weatherApp.app/weatherApp";
			};
			name = Release;
		};
/* End XCBuildConfiguration section */

/* Begin XCConfigurationList section */
		6301903527A94742005C82FB /* Build configuration list for PBXProject "weatherApp" */ = {
			isa = XCConfigurationList;
			buildConfigurations = (
				6301904C27A94744005C82FB /* Debug */,
				6301904D27A94744005C82FB /* Release */,
			);
			defaultConfigurationIsVisible = 0;
			defaultConfigurationName = Release;
		};
		6301904E27A94744005C82FB /* Build configuration list for PBXNativeTarget "weatherApp" */ = {
			isa = XCConfigurationList;
			buildConfigurations = (
				6301904F27A94744005C82FB /* Debug */,
				6301905027A94744005C82FB /* Release */,
			);
			defaultConfigurationIsVisible = 0;
			defaultConfigurationName = Release;
		};
		6370C3E7280BCAAE00ABDF7D /* Build configuration list for PBXNativeTarget "weatherAppTests" */ = {
			isa = XCConfigurationList;
			buildConfigurations = (
				6370C3E5280BCAAE00ABDF7D /* Debug */,
				6370C3E6280BCAAE00ABDF7D /* Release */,
			);
			defaultConfigurationIsVisible = 0;
			defaultConfigurationName = Release;
		};
/* End XCConfigurationList section */

/* Begin XCRemoteSwiftPackageReference section */
		633726BD27B62CC800F7CF80 /* XCRemoteSwiftPackageReference "realm-swift" */ = {
			isa = XCRemoteSwiftPackageReference;
			repositoryURL = "https://github.com/realm/realm-swift";
			requirement = {
				branch = master;
				kind = branch;
			};
		};
		634DC5AA27BB7AA30070C915 /* XCRemoteSwiftPackageReference "Alamofire" */ = {
			isa = XCRemoteSwiftPackageReference;
			repositoryURL = "https://github.com/Alamofire/Alamofire.git";
			requirement = {
				kind = upToNextMajorVersion;
				minimumVersion = 5.0.0;
			};
		};
		636AE82C27C2400300BC1F97 /* XCRemoteSwiftPackageReference "SwiftyJSON" */ = {
			isa = XCRemoteSwiftPackageReference;
			repositoryURL = "https://github.com/SwiftyJSON/SwiftyJSON";
			requirement = {
				kind = upToNextMajorVersion;
				minimumVersion = 5.0.0;
			};
		};
		639AF4132830F2D100F544AC /* XCRemoteSwiftPackageReference "Charts" */ = {
			isa = XCRemoteSwiftPackageReference;
			repositoryURL = "https://github.com/danielgindi/Charts.git";
			requirement = {
				kind = upToNextMajorVersion;
				minimumVersion = 3.0.0;
			};
		};
/* End XCRemoteSwiftPackageReference section */

/* Begin XCSwiftPackageProductDependency section */
		633726BE27B62CC800F7CF80 /* RealmSwift */ = {
			isa = XCSwiftPackageProductDependency;
			package = 633726BD27B62CC800F7CF80 /* XCRemoteSwiftPackageReference "realm-swift" */;
			productName = RealmSwift;
		};
		634DC5AB27BB7AA30070C915 /* Alamofire */ = {
			isa = XCSwiftPackageProductDependency;
			package = 634DC5AA27BB7AA30070C915 /* XCRemoteSwiftPackageReference "Alamofire" */;
			productName = Alamofire;
		};
		636AE82D27C2400300BC1F97 /* SwiftyJSON */ = {
			isa = XCSwiftPackageProductDependency;
			package = 636AE82C27C2400300BC1F97 /* XCRemoteSwiftPackageReference "SwiftyJSON" */;
			productName = SwiftyJSON;
		};
		639AF4142830F2D100F544AC /* Charts */ = {
			isa = XCSwiftPackageProductDependency;
			package = 639AF4132830F2D100F544AC /* XCRemoteSwiftPackageReference "Charts" */;
			productName = Charts;
		};
/* End XCSwiftPackageProductDependency section */
	};
	rootObject = 6301903227A94742005C82FB /* Project object */;
}
